// !$*UTF8*$!
{
	archiveVersion = 1;
	classes = {
	};
	objectVersion = 46;
	objects = {

/* Begin PBXBuildFile section */
		1E167ACB1D92DC540080C4C6 /* LoginBaseViewController.swift in Sources */ = {isa = PBXBuildFile; fileRef = 1E167ACA1D92DC540080C4C6 /* LoginBaseViewController.swift */; };
		1E167ACD1D92DD130080C4C6 /* RegSceneBaseViewController.swift in Sources */ = {isa = PBXBuildFile; fileRef = 1E167ACC1D92DD130080C4C6 /* RegSceneBaseViewController.swift */; };
		1E167AD01D92E6E90080C4C6 /* MainTabsStoryboard.storyboard in Resources */ = {isa = PBXBuildFile; fileRef = 1E167ACF1D92E6E90080C4C6 /* MainTabsStoryboard.storyboard */; };
		1E25C1191D36F2A700BEA1FB /* AppDelegate.swift in Sources */ = {isa = PBXBuildFile; fileRef = 1E25C1181D36F2A700BEA1FB /* AppDelegate.swift */; };
		1E25C1201D36F2A700BEA1FB /* Assets.xcassets in Resources */ = {isa = PBXBuildFile; fileRef = 1E25C11F1D36F2A700BEA1FB /* Assets.xcassets */; };
		1E25C1231D36F2A700BEA1FB /* LaunchScreen.storyboard in Resources */ = {isa = PBXBuildFile; fileRef = 1E25C1211D36F2A700BEA1FB /* LaunchScreen.storyboard */; };
		1E25C12B1D36F2CD00BEA1FB /* SystemConfiguration.framework in Frameworks */ = {isa = PBXBuildFile; fileRef = 1E25C12A1D36F2CD00BEA1FB /* SystemConfiguration.framework */; };
		1E25C1351D36F92800BEA1FB /* Control.storyboard in Resources */ = {isa = PBXBuildFile; fileRef = 1E25C1331D36F92800BEA1FB /* Control.storyboard */; };
		1E25C13C1D36F99300BEA1FB /* ChooseOurglasserViewController.swift in Sources */ = {isa = PBXBuildFile; fileRef = 1E25C1371D36F99300BEA1FB /* ChooseOurglasserViewController.swift */; };
		1E25C13D1D36F99300BEA1FB /* OurglasserViewController.swift in Sources */ = {isa = PBXBuildFile; fileRef = 1E25C1381D36F99300BEA1FB /* OurglasserViewController.swift */; };
		1E25C1471D36FAD400BEA1FB /* ASNotification.swift in Sources */ = {isa = PBXBuildFile; fileRef = 1E25C1411D36FAD400BEA1FB /* ASNotification.swift */; };
		1E25C1481D36FAD400BEA1FB /* OCS.swift in Sources */ = {isa = PBXBuildFile; fileRef = 1E25C1421D36FAD400BEA1FB /* OCS.swift */; };
		1E25C1491D36FAD400BEA1FB /* OPIE.swift in Sources */ = {isa = PBXBuildFile; fileRef = 1E25C1431D36FAD400BEA1FB /* OPIE.swift */; };
		1E25C14A1D36FAD400BEA1FB /* OPIEBeaconListener.swift in Sources */ = {isa = PBXBuildFile; fileRef = 1E25C1441D36FAD400BEA1FB /* OPIEBeaconListener.swift */; };
		1E25C14B1D36FAD400BEA1FB /* OurglasserCell.swift in Sources */ = {isa = PBXBuildFile; fileRef = 1E25C1451D36FAD400BEA1FB /* OurglasserCell.swift */; };
		1E25C14C1D36FAD400BEA1FB /* Style.swift in Sources */ = {isa = PBXBuildFile; fileRef = 1E25C1461D36FAD400BEA1FB /* Style.swift */; };
		1E25C14E1D36FB9200BEA1FB /* Settings.swift in Sources */ = {isa = PBXBuildFile; fileRef = 1E25C14D1D36FB9200BEA1FB /* Settings.swift */; };
		1E69E6611D924CAF00B48212 /* LoginViewController.swift in Sources */ = {isa = PBXBuildFile; fileRef = 1E69E6601D924CAF00B48212 /* LoginViewController.swift */; };
		1E96566B1D89F82800EFD7EF /* Poppins-Bold.ttf in Resources */ = {isa = PBXBuildFile; fileRef = 1E9656661D89F82800EFD7EF /* Poppins-Bold.ttf */; };
		1E96566C1D89F82800EFD7EF /* Poppins-Light.ttf in Resources */ = {isa = PBXBuildFile; fileRef = 1E9656671D89F82800EFD7EF /* Poppins-Light.ttf */; };
		1E96566D1D89F82800EFD7EF /* Poppins-Medium.ttf in Resources */ = {isa = PBXBuildFile; fileRef = 1E9656681D89F82800EFD7EF /* Poppins-Medium.ttf */; };
		1E96566E1D89F82800EFD7EF /* Poppins-Regular.ttf in Resources */ = {isa = PBXBuildFile; fileRef = 1E9656691D89F82800EFD7EF /* Poppins-Regular.ttf */; };
		1E96566F1D89F82800EFD7EF /* Poppins-SemiBold.ttf in Resources */ = {isa = PBXBuildFile; fileRef = 1E96566A1D89F82800EFD7EF /* Poppins-SemiBold.ttf */; };
		1EABF7551D90F50D00D2BBD5 /* RegistrationStoryboard.storyboard in Resources */ = {isa = PBXBuildFile; fileRef = 1EABF7541D90F50D00D2BBD5 /* RegistrationStoryboard.storyboard */; };
		1EABF7571D90F91500D2BBD5 /* NetUtils.swift in Sources */ = {isa = PBXBuildFile; fileRef = 1EABF7561D90F91500D2BBD5 /* NetUtils.swift */; };
		1EABF7591D919BCA00D2BBD5 /* LoginOrRegViewController.swift in Sources */ = {isa = PBXBuildFile; fileRef = 1EABF7581D919BCA00D2BBD5 /* LoginOrRegViewController.swift */; };
		1EABF75B1D919BF400D2BBD5 /* EnterNameViewController.swift in Sources */ = {isa = PBXBuildFile; fileRef = 1EABF75A1D919BF400D2BBD5 /* EnterNameViewController.swift */; };
		1EABF75D1D919C0400D2BBD5 /* EnterEmailViewController.swift in Sources */ = {isa = PBXBuildFile; fileRef = 1EABF75C1D919C0400D2BBD5 /* EnterEmailViewController.swift */; };
		1EABF75F1D919C1500D2BBD5 /* EnterPasswordViewController.swift in Sources */ = {isa = PBXBuildFile; fileRef = 1EABF75E1D919C1500D2BBD5 /* EnterPasswordViewController.swift */; };
		1EABF7611D91A4B500D2BBD5 /* StringExtensions.swift in Sources */ = {isa = PBXBuildFile; fileRef = 1EABF7601D91A4B500D2BBD5 /* StringExtensions.swift */; };
		1EC631641D778D3D00F99E0E /* ABNetworking.swift in Sources */ = {isa = PBXBuildFile; fileRef = 1EC631631D778D3D00F99E0E /* ABNetworking.swift */; };
		4F5ED9821D511D56006519A7 /* NoAnimationSegue.swift in Sources */ = {isa = PBXBuildFile; fileRef = 4F5ED9811D511D56006519A7 /* NoAnimationSegue.swift */; };
		4F6C7F291D3E9E110055EF8A /* Asahi.swift in Sources */ = {isa = PBXBuildFile; fileRef = 4F6C7F281D3E9E110055EF8A /* Asahi.swift */; };
		4F826A581D4FD5D000F83848 /* IntroPage1.xib in Resources */ = {isa = PBXBuildFile; fileRef = 4F826A571D4FD5D000F83848 /* IntroPage1.xib */; };
		4F826A5A1D4FDA1200F83848 /* IntroPage2.xib in Resources */ = {isa = PBXBuildFile; fileRef = 4F826A591D4FDA1200F83848 /* IntroPage2.xib */; };
		4F9033221D4FB98F00525515 /* Account.storyboard in Resources */ = {isa = PBXBuildFile; fileRef = 4F9033211D4FB98F00525515 /* Account.storyboard */; };
		4FBDEE261D3D5BB600EF9434 /* XCGLogger.swift in Sources */ = {isa = PBXBuildFile; fileRef = 4FBDEE251D3D5BB600EF9434 /* XCGLogger.swift */; };
		4FD30E131D4FE75100C6DB60 /* Main.storyboard in Resources */ = {isa = PBXBuildFile; fileRef = 4FD30E121D4FE75100C6DB60 /* Main.storyboard */; };
		4FD30E171D4FFE4600C6DB60 /* AccountViewController.swift in Sources */ = {isa = PBXBuildFile; fileRef = 4FD30E161D4FFE4600C6DB60 /* AccountViewController.swift */; };
		4FE9456B1D53F80B00F35CD0 /* MapViewController.swift in Sources */ = {isa = PBXBuildFile; fileRef = 4FE9456A1D53F80B00F35CD0 /* MapViewController.swift */; };
		4FE9456D1D53F81600F35CD0 /* Map.storyboard in Resources */ = {isa = PBXBuildFile; fileRef = 4FE9456C1D53F81600F35CD0 /* Map.storyboard */; };
		4FE9456F1D53FCF800F35CD0 /* MapKit.framework in Frameworks */ = {isa = PBXBuildFile; fileRef = 4FE9456E1D53FCF800F35CD0 /* MapKit.framework */; };
		EF5622DB73533A48DCAADE03 /* Pods_Absinthe_iOS.framework in Frameworks */ = {isa = PBXBuildFile; fileRef = 810D90E5C998971ACC265B3C /* Pods_Absinthe_iOS.framework */; };
/* End PBXBuildFile section */

/* Begin PBXFileReference section */
		1E167ACA1D92DC540080C4C6 /* LoginBaseViewController.swift */ = {isa = PBXFileReference; fileEncoding = 4; lastKnownFileType = sourcecode.swift; name = LoginBaseViewController.swift; path = "Absinthe-iOS/LoginBaseViewController.swift"; sourceTree = "<group>"; };
		1E167ACC1D92DD130080C4C6 /* RegSceneBaseViewController.swift */ = {isa = PBXFileReference; fileEncoding = 4; lastKnownFileType = sourcecode.swift; name = RegSceneBaseViewController.swift; path = "Absinthe-iOS/RegSceneBaseViewController.swift"; sourceTree = "<group>"; };
		1E167ACF1D92E6E90080C4C6 /* MainTabsStoryboard.storyboard */ = {isa = PBXFileReference; fileEncoding = 4; lastKnownFileType = file.storyboard; path = MainTabsStoryboard.storyboard; sourceTree = "<group>"; };
		1E25C1151D36F2A700BEA1FB /* Absinthe-iOS.app */ = {isa = PBXFileReference; explicitFileType = wrapper.application; includeInIndex = 0; path = "Absinthe-iOS.app"; sourceTree = BUILT_PRODUCTS_DIR; };
		1E25C1181D36F2A700BEA1FB /* AppDelegate.swift */ = {isa = PBXFileReference; lastKnownFileType = sourcecode.swift; name = AppDelegate.swift; path = "Absinthe-iOS/AppDelegate.swift"; sourceTree = "<group>"; };
		1E25C11F1D36F2A700BEA1FB /* Assets.xcassets */ = {isa = PBXFileReference; lastKnownFileType = folder.assetcatalog; name = Assets.xcassets; path = "Absinthe-iOS/Assets.xcassets"; sourceTree = "<group>"; };
		1E25C1221D36F2A700BEA1FB /* Base */ = {isa = PBXFileReference; lastKnownFileType = file.storyboard; name = Base; path = Base.lproj/LaunchScreen.storyboard; sourceTree = "<group>"; };
		1E25C1241D36F2A700BEA1FB /* Info.plist */ = {isa = PBXFileReference; lastKnownFileType = text.plist.xml; name = Info.plist; path = "Absinthe-iOS/Info.plist"; sourceTree = "<group>"; };
		1E25C12A1D36F2CD00BEA1FB /* SystemConfiguration.framework */ = {isa = PBXFileReference; lastKnownFileType = wrapper.framework; name = SystemConfiguration.framework; path = System/Library/Frameworks/SystemConfiguration.framework; sourceTree = SDKROOT; };
		1E25C1341D36F92800BEA1FB /* Base */ = {isa = PBXFileReference; lastKnownFileType = file.storyboard; name = Base; path = "Absinthe-iOS/Base.lproj/Control.storyboard"; sourceTree = "<group>"; };
		1E25C1371D36F99300BEA1FB /* ChooseOurglasserViewController.swift */ = {isa = PBXFileReference; fileEncoding = 4; lastKnownFileType = sourcecode.swift; name = ChooseOurglasserViewController.swift; path = "Absinthe-iOS/ChooseOurglasserViewController.swift"; sourceTree = "<group>"; };
		1E25C1381D36F99300BEA1FB /* OurglasserViewController.swift */ = {isa = PBXFileReference; fileEncoding = 4; lastKnownFileType = sourcecode.swift; name = OurglasserViewController.swift; path = "Absinthe-iOS/OurglasserViewController.swift"; sourceTree = "<group>"; };
		1E25C1411D36FAD400BEA1FB /* ASNotification.swift */ = {isa = PBXFileReference; fileEncoding = 4; lastKnownFileType = sourcecode.swift; name = ASNotification.swift; path = "Absinthe-iOS/ASNotification.swift"; sourceTree = "<group>"; };
		1E25C1421D36FAD400BEA1FB /* OCS.swift */ = {isa = PBXFileReference; fileEncoding = 4; lastKnownFileType = sourcecode.swift; name = OCS.swift; path = "Absinthe-iOS/OCS.swift"; sourceTree = "<group>"; };
		1E25C1431D36FAD400BEA1FB /* OPIE.swift */ = {isa = PBXFileReference; fileEncoding = 4; lastKnownFileType = sourcecode.swift; name = OPIE.swift; path = "Absinthe-iOS/OPIE.swift"; sourceTree = "<group>"; };
		1E25C1441D36FAD400BEA1FB /* OPIEBeaconListener.swift */ = {isa = PBXFileReference; fileEncoding = 4; lastKnownFileType = sourcecode.swift; name = OPIEBeaconListener.swift; path = "Absinthe-iOS/OPIEBeaconListener.swift"; sourceTree = "<group>"; };
		1E25C1451D36FAD400BEA1FB /* OurglasserCell.swift */ = {isa = PBXFileReference; fileEncoding = 4; lastKnownFileType = sourcecode.swift; name = OurglasserCell.swift; path = "Absinthe-iOS/OurglasserCell.swift"; sourceTree = "<group>"; };
		1E25C1461D36FAD400BEA1FB /* Style.swift */ = {isa = PBXFileReference; fileEncoding = 4; lastKnownFileType = sourcecode.swift; name = Style.swift; path = "Absinthe-iOS/Style.swift"; sourceTree = "<group>"; };
		1E25C14D1D36FB9200BEA1FB /* Settings.swift */ = {isa = PBXFileReference; fileEncoding = 4; lastKnownFileType = sourcecode.swift; name = Settings.swift; path = "Absinthe-iOS/Settings.swift"; sourceTree = "<group>"; };
		1E69E6601D924CAF00B48212 /* LoginViewController.swift */ = {isa = PBXFileReference; fileEncoding = 4; lastKnownFileType = sourcecode.swift; path = LoginViewController.swift; sourceTree = "<group>"; };
		1E9656661D89F82800EFD7EF /* Poppins-Bold.ttf */ = {isa = PBXFileReference; lastKnownFileType = file; path = "Poppins-Bold.ttf"; sourceTree = "<group>"; };
		1E9656671D89F82800EFD7EF /* Poppins-Light.ttf */ = {isa = PBXFileReference; lastKnownFileType = file; path = "Poppins-Light.ttf"; sourceTree = "<group>"; };
		1E9656681D89F82800EFD7EF /* Poppins-Medium.ttf */ = {isa = PBXFileReference; lastKnownFileType = file; path = "Poppins-Medium.ttf"; sourceTree = "<group>"; };
		1E9656691D89F82800EFD7EF /* Poppins-Regular.ttf */ = {isa = PBXFileReference; lastKnownFileType = file; path = "Poppins-Regular.ttf"; sourceTree = "<group>"; };
		1E96566A1D89F82800EFD7EF /* Poppins-SemiBold.ttf */ = {isa = PBXFileReference; lastKnownFileType = file; path = "Poppins-SemiBold.ttf"; sourceTree = "<group>"; };
		1EABF7541D90F50D00D2BBD5 /* RegistrationStoryboard.storyboard */ = {isa = PBXFileReference; fileEncoding = 4; lastKnownFileType = file.storyboard; name = RegistrationStoryboard.storyboard; path = "Absinthe-iOS/RegistrationStoryboard.storyboard"; sourceTree = "<group>"; };
		1EABF7561D90F91500D2BBD5 /* NetUtils.swift */ = {isa = PBXFileReference; fileEncoding = 4; lastKnownFileType = sourcecode.swift; name = NetUtils.swift; path = "Absinthe-iOS/NetUtils.swift"; sourceTree = "<group>"; };
		1EABF7581D919BCA00D2BBD5 /* LoginOrRegViewController.swift */ = {isa = PBXFileReference; fileEncoding = 4; lastKnownFileType = sourcecode.swift; path = LoginOrRegViewController.swift; sourceTree = "<group>"; };
		1EABF75A1D919BF400D2BBD5 /* EnterNameViewController.swift */ = {isa = PBXFileReference; fileEncoding = 4; lastKnownFileType = sourcecode.swift; path = EnterNameViewController.swift; sourceTree = "<group>"; };
		1EABF75C1D919C0400D2BBD5 /* EnterEmailViewController.swift */ = {isa = PBXFileReference; fileEncoding = 4; lastKnownFileType = sourcecode.swift; path = EnterEmailViewController.swift; sourceTree = "<group>"; };
		1EABF75E1D919C1500D2BBD5 /* EnterPasswordViewController.swift */ = {isa = PBXFileReference; fileEncoding = 4; lastKnownFileType = sourcecode.swift; path = EnterPasswordViewController.swift; sourceTree = "<group>"; };
		1EABF7601D91A4B500D2BBD5 /* StringExtensions.swift */ = {isa = PBXFileReference; fileEncoding = 4; lastKnownFileType = sourcecode.swift; name = StringExtensions.swift; path = "Absinthe-iOS/StringExtensions.swift"; sourceTree = "<group>"; };
		1EC631631D778D3D00F99E0E /* ABNetworking.swift */ = {isa = PBXFileReference; fileEncoding = 4; lastKnownFileType = sourcecode.swift; name = ABNetworking.swift; path = "Absinthe-iOS/ABNetworking.swift"; sourceTree = "<group>"; };
		4F5ED9811D511D56006519A7 /* NoAnimationSegue.swift */ = {isa = PBXFileReference; fileEncoding = 4; lastKnownFileType = sourcecode.swift; name = NoAnimationSegue.swift; path = "Absinthe-iOS/NoAnimationSegue.swift"; sourceTree = "<group>"; };
		4F6C7F281D3E9E110055EF8A /* Asahi.swift */ = {isa = PBXFileReference; fileEncoding = 4; lastKnownFileType = sourcecode.swift; name = Asahi.swift; path = "Absinthe-iOS/Asahi.swift"; sourceTree = "<group>"; };
		4F76932F1D3EBD96008B515A /* Absinthe-iOS-Bridging-Header.h */ = {isa = PBXFileReference; lastKnownFileType = sourcecode.c.h; name = "Absinthe-iOS-Bridging-Header.h"; path = "Absinthe-iOS/Absinthe-iOS-Bridging-Header.h"; sourceTree = "<group>"; };
		4F826A571D4FD5D000F83848 /* IntroPage1.xib */ = {isa = PBXFileReference; fileEncoding = 4; lastKnownFileType = file.xib; name = IntroPage1.xib; path = "Absinthe-iOS/IntroPage1.xib"; sourceTree = "<group>"; };
		4F826A591D4FDA1200F83848 /* IntroPage2.xib */ = {isa = PBXFileReference; fileEncoding = 4; lastKnownFileType = file.xib; name = IntroPage2.xib; path = "Absinthe-iOS/IntroPage2.xib"; sourceTree = "<group>"; };
		4F9033211D4FB98F00525515 /* Account.storyboard */ = {isa = PBXFileReference; fileEncoding = 4; lastKnownFileType = file.storyboard; name = Account.storyboard; path = "Absinthe-iOS/Account.storyboard"; sourceTree = "<group>"; };
		4FBDEE251D3D5BB600EF9434 /* XCGLogger.swift */ = {isa = PBXFileReference; fileEncoding = 4; lastKnownFileType = sourcecode.swift; name = XCGLogger.swift; path = Pods/XCGLogger/XCGLogger/Library/XCGLogger/XCGLogger.swift; sourceTree = "<group>"; };
		4FD30E121D4FE75100C6DB60 /* Main.storyboard */ = {isa = PBXFileReference; fileEncoding = 4; lastKnownFileType = file.storyboard; name = Main.storyboard; path = "Absinthe-iOS/Main.storyboard"; sourceTree = "<group>"; };
		4FD30E161D4FFE4600C6DB60 /* AccountViewController.swift */ = {isa = PBXFileReference; fileEncoding = 4; lastKnownFileType = sourcecode.swift; name = AccountViewController.swift; path = "Absinthe-iOS/AccountViewController.swift"; sourceTree = "<group>"; };
		4FE9456A1D53F80B00F35CD0 /* MapViewController.swift */ = {isa = PBXFileReference; fileEncoding = 4; lastKnownFileType = sourcecode.swift; name = MapViewController.swift; path = "Absinthe-iOS/MapViewController.swift"; sourceTree = "<group>"; };
		4FE9456C1D53F81600F35CD0 /* Map.storyboard */ = {isa = PBXFileReference; fileEncoding = 4; lastKnownFileType = file.storyboard; name = Map.storyboard; path = "Absinthe-iOS/Map.storyboard"; sourceTree = "<group>"; };
		4FE9456E1D53FCF800F35CD0 /* MapKit.framework */ = {isa = PBXFileReference; lastKnownFileType = wrapper.framework; name = MapKit.framework; path = System/Library/Frameworks/MapKit.framework; sourceTree = SDKROOT; };
		810D90E5C998971ACC265B3C /* Pods_Absinthe_iOS.framework */ = {isa = PBXFileReference; explicitFileType = wrapper.framework; includeInIndex = 0; path = Pods_Absinthe_iOS.framework; sourceTree = BUILT_PRODUCTS_DIR; };
		ECE4B0C49B1F077FA769DDDF /* Pods-Absinthe-iOS.debug.xcconfig */ = {isa = PBXFileReference; includeInIndex = 1; lastKnownFileType = text.xcconfig; name = "Pods-Absinthe-iOS.debug.xcconfig"; path = "Pods/Target Support Files/Pods-Absinthe-iOS/Pods-Absinthe-iOS.debug.xcconfig"; sourceTree = "<group>"; };
		FD077D3DA07EF956B4EF7A42 /* Pods-Absinthe-iOS.release.xcconfig */ = {isa = PBXFileReference; includeInIndex = 1; lastKnownFileType = text.xcconfig; name = "Pods-Absinthe-iOS.release.xcconfig"; path = "Pods/Target Support Files/Pods-Absinthe-iOS/Pods-Absinthe-iOS.release.xcconfig"; sourceTree = "<group>"; };
/* End PBXFileReference section */

/* Begin PBXFrameworksBuildPhase section */
		1E25C1121D36F2A700BEA1FB /* Frameworks */ = {
			isa = PBXFrameworksBuildPhase;
			buildActionMask = 2147483647;
			files = (
				4FE9456F1D53FCF800F35CD0 /* MapKit.framework in Frameworks */,
				1E25C12B1D36F2CD00BEA1FB /* SystemConfiguration.framework in Frameworks */,
				EF5622DB73533A48DCAADE03 /* Pods_Absinthe_iOS.framework in Frameworks */,
			);
			runOnlyForDeploymentPostprocessing = 0;
		};
/* End PBXFrameworksBuildPhase section */

/* Begin PBXGroup section */
		1E167ACE1D92E6D40080C4C6 /* Tabs */ = {
			isa = PBXGroup;
			children = (
				1E167ACF1D92E6E90080C4C6 /* MainTabsStoryboard.storyboard */,
			);
			name = Tabs;
			sourceTree = "<group>";
		};
		1E25C10C1D36F2A700BEA1FB = {
			isa = PBXGroup;
			children = (
				1E25C12C1D36F31100BEA1FB /* Networking */,
				1EABF7521D90EEA900D2BBD5 /* Scenes */,
				1E25C1361D36F95000BEA1FB /* Model */,
				4F5ED9831D511EC4006519A7 /* Left Side Menu */,
				1E25C1311D36F52300BEA1FB /* Assets + Main SB */,
				1E25C1301D36F51100BEA1FB /* Support */,
				1E25C1161D36F2A700BEA1FB /* Products */,
				5CE8A13EA7990143D4C277F5 /* Frameworks */,
				6DBDC6000D194FAAED826C79 /* Pods */,
			);
			sourceTree = "<group>";
		};
		1E25C1161D36F2A700BEA1FB /* Products */ = {
			isa = PBXGroup;
			children = (
				1E25C1151D36F2A700BEA1FB /* Absinthe-iOS.app */,
			);
			name = Products;
			sourceTree = "<group>";
		};
		1E25C12C1D36F31100BEA1FB /* Networking */ = {
			isa = PBXGroup;
			children = (
				1E25C1441D36FAD400BEA1FB /* OPIEBeaconListener.swift */,
				1EABF7561D90F91500D2BBD5 /* NetUtils.swift */,
				4F6C7F281D3E9E110055EF8A /* Asahi.swift */,
				1EC631631D778D3D00F99E0E /* ABNetworking.swift */,
			);
			name = Networking;
			sourceTree = "<group>";
		};
		1E25C1301D36F51100BEA1FB /* Support */ = {
			isa = PBXGroup;
			children = (
				4F76932F1D3EBD96008B515A /* Absinthe-iOS-Bridging-Header.h */,
				1E25C1241D36F2A700BEA1FB /* Info.plist */,
				1E25C1181D36F2A700BEA1FB /* AppDelegate.swift */,
				4FBDEE251D3D5BB600EF9434 /* XCGLogger.swift */,
			);
			name = Support;
			sourceTree = "<group>";
		};
		1E25C1311D36F52300BEA1FB /* Assets + Main SB */ = {
			isa = PBXGroup;
			children = (
				1E9656661D89F82800EFD7EF /* Poppins-Bold.ttf */,
				1E9656671D89F82800EFD7EF /* Poppins-Light.ttf */,
				1E9656681D89F82800EFD7EF /* Poppins-Medium.ttf */,
				1E9656691D89F82800EFD7EF /* Poppins-Regular.ttf */,
				1E96566A1D89F82800EFD7EF /* Poppins-SemiBold.ttf */,
				1E25C11F1D36F2A700BEA1FB /* Assets.xcassets */,
				1E25C1211D36F2A700BEA1FB /* LaunchScreen.storyboard */,
				4FD30E121D4FE75100C6DB60 /* Main.storyboard */,
				4F5ED9811D511D56006519A7 /* NoAnimationSegue.swift */,
			);
			name = "Assets + Main SB";
			sourceTree = "<group>";
		};
		1E25C1321D36F53F00BEA1FB /* Control */ = {
			isa = PBXGroup;
			children = (
				1E25C1331D36F92800BEA1FB /* Control.storyboard */,
				1E25C1451D36FAD400BEA1FB /* OurglasserCell.swift */,
				1E25C1371D36F99300BEA1FB /* ChooseOurglasserViewController.swift */,
				1E25C1381D36F99300BEA1FB /* OurglasserViewController.swift */,
			);
			name = Control;
			sourceTree = "<group>";
		};
		1E25C1361D36F95000BEA1FB /* Model */ = {
			isa = PBXGroup;
			children = (
				1E25C1411D36FAD400BEA1FB /* ASNotification.swift */,
				1E25C1421D36FAD400BEA1FB /* OCS.swift */,
				1E25C1431D36FAD400BEA1FB /* OPIE.swift */,
				1E25C1461D36FAD400BEA1FB /* Style.swift */,
				1E25C14D1D36FB9200BEA1FB /* Settings.swift */,
				1EABF7601D91A4B500D2BBD5 /* StringExtensions.swift */,
			);
			name = Model;
			sourceTree = "<group>";
		};
		1EABF7521D90EEA900D2BBD5 /* Scenes */ = {
			isa = PBXGroup;
			children = (
				1E25C1321D36F53F00BEA1FB /* Control */,
				1E167ACE1D92E6D40080C4C6 /* Tabs */,
				1EABF7531D90F40900D2BBD5 /* Registration */,
				4F826A501D4FCC7700F83848 /* Intro */,
				4FE945691D53F7F700F35CD0 /* Map */,
				4F9033201D4FB97100525515 /* Account */,
			);
			name = Scenes;
			sourceTree = "<group>";
		};
		1EABF7531D90F40900D2BBD5 /* Registration */ = {
			isa = PBXGroup;
			children = (
				1EABF7541D90F50D00D2BBD5 /* RegistrationStoryboard.storyboard */,
				1EABF7581D919BCA00D2BBD5 /* LoginOrRegViewController.swift */,
				1EABF75A1D919BF400D2BBD5 /* EnterNameViewController.swift */,
				1EABF75C1D919C0400D2BBD5 /* EnterEmailViewController.swift */,
				1EABF75E1D919C1500D2BBD5 /* EnterPasswordViewController.swift */,
				1E69E6601D924CAF00B48212 /* LoginViewController.swift */,
				1E167ACA1D92DC540080C4C6 /* LoginBaseViewController.swift */,
				1E167ACC1D92DD130080C4C6 /* RegSceneBaseViewController.swift */,
			);
			name = Registration;
			sourceTree = "<group>";
		};
		4F5ED9831D511EC4006519A7 /* Left Side Menu */ = {
			isa = PBXGroup;
			children = (
			);
			name = "Left Side Menu";
			sourceTree = "<group>";
		};
		4F826A501D4FCC7700F83848 /* Intro */ = {
			isa = PBXGroup;
			children = (
				4F826A571D4FD5D000F83848 /* IntroPage1.xib */,
				4F826A591D4FDA1200F83848 /* IntroPage2.xib */,
			);
			name = Intro;
			sourceTree = "<group>";
		};
		4F9033201D4FB97100525515 /* Account */ = {
			isa = PBXGroup;
			children = (
				4F9033211D4FB98F00525515 /* Account.storyboard */,
				4FD30E161D4FFE4600C6DB60 /* AccountViewController.swift */,
			);
			name = Account;
			sourceTree = "<group>";
		};
		4FE945691D53F7F700F35CD0 /* Map */ = {
			isa = PBXGroup;
			children = (
				4FE9456C1D53F81600F35CD0 /* Map.storyboard */,
				4FE9456A1D53F80B00F35CD0 /* MapViewController.swift */,
			);
			name = Map;
			sourceTree = "<group>";
		};
		5CE8A13EA7990143D4C277F5 /* Frameworks */ = {
			isa = PBXGroup;
			children = (
				4FE9456E1D53FCF800F35CD0 /* MapKit.framework */,
				1E25C12A1D36F2CD00BEA1FB /* SystemConfiguration.framework */,
				810D90E5C998971ACC265B3C /* Pods_Absinthe_iOS.framework */,
			);
			name = Frameworks;
			sourceTree = "<group>";
		};
		6DBDC6000D194FAAED826C79 /* Pods */ = {
			isa = PBXGroup;
			children = (
				ECE4B0C49B1F077FA769DDDF /* Pods-Absinthe-iOS.debug.xcconfig */,
				FD077D3DA07EF956B4EF7A42 /* Pods-Absinthe-iOS.release.xcconfig */,
			);
			name = Pods;
			sourceTree = "<group>";
		};
/* End PBXGroup section */

/* Begin PBXNativeTarget section */
		1E25C1141D36F2A700BEA1FB /* Absinthe-iOS */ = {
			isa = PBXNativeTarget;
			buildConfigurationList = 1E25C1271D36F2A700BEA1FB /* Build configuration list for PBXNativeTarget "Absinthe-iOS" */;
			buildPhases = (
				9E73DC40F77A719B083266D0 /* [CP] Check Pods Manifest.lock */,
				1E25C1111D36F2A700BEA1FB /* Sources */,
				1E25C1121D36F2A700BEA1FB /* Frameworks */,
				1E25C1131D36F2A700BEA1FB /* Resources */,
				E2148DB9AD0D7E16AFA1DA73 /* [CP] Embed Pods Frameworks */,
				483983E5375BA4A4B2E5E5BD /* [CP] Copy Pods Resources */,
			);
			buildRules = (
			);
			dependencies = (
			);
			name = "Absinthe-iOS";
			productName = "Absinthe-iOS";
			productReference = 1E25C1151D36F2A700BEA1FB /* Absinthe-iOS.app */;
			productType = "com.apple.product-type.application";
		};
/* End PBXNativeTarget section */

/* Begin PBXProject section */
		1E25C10D1D36F2A700BEA1FB /* Project object */ = {
			isa = PBXProject;
			attributes = {
				LastSwiftUpdateCheck = 0730;
				LastUpgradeCheck = 0730;
				ORGANIZATIONNAME = AppDelegates;
				TargetAttributes = {
					1E25C1141D36F2A700BEA1FB = {
						CreatedOnToolsVersion = 7.3.1;
						DevelopmentTeam = 6DABK4Y6G2;
					};
				};
			};
			buildConfigurationList = 1E25C1101D36F2A700BEA1FB /* Build configuration list for PBXProject "Absinthe-iOS" */;
			compatibilityVersion = "Xcode 3.2";
			developmentRegion = English;
			hasScannedForEncodings = 0;
			knownRegions = (
				en,
				Base,
			);
			mainGroup = 1E25C10C1D36F2A700BEA1FB;
			productRefGroup = 1E25C1161D36F2A700BEA1FB /* Products */;
			projectDirPath = "";
			projectRoot = "";
			targets = (
				1E25C1141D36F2A700BEA1FB /* Absinthe-iOS */,
			);
		};
/* End PBXProject section */

/* Begin PBXResourcesBuildPhase section */
		1E25C1131D36F2A700BEA1FB /* Resources */ = {
			isa = PBXResourcesBuildPhase;
			buildActionMask = 2147483647;
			files = (
				1EABF7551D90F50D00D2BBD5 /* RegistrationStoryboard.storyboard in Resources */,
				1E96566F1D89F82800EFD7EF /* Poppins-SemiBold.ttf in Resources */,
				1E25C1231D36F2A700BEA1FB /* LaunchScreen.storyboard in Resources */,
				4F826A581D4FD5D000F83848 /* IntroPage1.xib in Resources */,
				4F826A5A1D4FDA1200F83848 /* IntroPage2.xib in Resources */,
				1E96566D1D89F82800EFD7EF /* Poppins-Medium.ttf in Resources */,
				4FD30E131D4FE75100C6DB60 /* Main.storyboard in Resources */,
				4F9033221D4FB98F00525515 /* Account.storyboard in Resources */,
				1E25C1201D36F2A700BEA1FB /* Assets.xcassets in Resources */,
				1E96566C1D89F82800EFD7EF /* Poppins-Light.ttf in Resources */,
				1E96566E1D89F82800EFD7EF /* Poppins-Regular.ttf in Resources */,
				1E167AD01D92E6E90080C4C6 /* MainTabsStoryboard.storyboard in Resources */,
				1E96566B1D89F82800EFD7EF /* Poppins-Bold.ttf in Resources */,
				4FE9456D1D53F81600F35CD0 /* Map.storyboard in Resources */,
				1E25C1351D36F92800BEA1FB /* Control.storyboard in Resources */,
			);
			runOnlyForDeploymentPostprocessing = 0;
		};
/* End PBXResourcesBuildPhase section */

/* Begin PBXShellScriptBuildPhase section */
		483983E5375BA4A4B2E5E5BD /* [CP] Copy Pods Resources */ = {
			isa = PBXShellScriptBuildPhase;
			buildActionMask = 2147483647;
			files = (
			);
			inputPaths = (
			);
			name = "[CP] Copy Pods Resources";
			outputPaths = (
			);
			runOnlyForDeploymentPostprocessing = 0;
			shellPath = /bin/sh;
			shellScript = "\"${SRCROOT}/Pods/Target Support Files/Pods-Absinthe-iOS/Pods-Absinthe-iOS-resources.sh\"\n";
			showEnvVarsInLog = 0;
		};
		9E73DC40F77A719B083266D0 /* [CP] Check Pods Manifest.lock */ = {
			isa = PBXShellScriptBuildPhase;
			buildActionMask = 2147483647;
			files = (
			);
			inputPaths = (
			);
			name = "[CP] Check Pods Manifest.lock";
			outputPaths = (
			);
			runOnlyForDeploymentPostprocessing = 0;
			shellPath = /bin/sh;
			shellScript = "diff \"${PODS_ROOT}/../Podfile.lock\" \"${PODS_ROOT}/Manifest.lock\" > /dev/null\nif [ $? != 0 ] ; then\n    # print error to STDERR\n    echo \"error: The sandbox is not in sync with the Podfile.lock. Run 'pod install' or update your CocoaPods installation.\" >&2\n    exit 1\nfi\n";
			showEnvVarsInLog = 0;
		};
		E2148DB9AD0D7E16AFA1DA73 /* [CP] Embed Pods Frameworks */ = {
			isa = PBXShellScriptBuildPhase;
			buildActionMask = 2147483647;
			files = (
			);
			inputPaths = (
			);
			name = "[CP] Embed Pods Frameworks";
			outputPaths = (
			);
			runOnlyForDeploymentPostprocessing = 0;
			shellPath = /bin/sh;
			shellScript = "\"${SRCROOT}/Pods/Target Support Files/Pods-Absinthe-iOS/Pods-Absinthe-iOS-frameworks.sh\"\n";
			showEnvVarsInLog = 0;
		};
/* End PBXShellScriptBuildPhase section */

/* Begin PBXSourcesBuildPhase section */
		1E25C1111D36F2A700BEA1FB /* Sources */ = {
			isa = PBXSourcesBuildPhase;
			buildActionMask = 2147483647;
			files = (
				1E25C14B1D36FAD400BEA1FB /* OurglasserCell.swift in Sources */,
				4FBDEE261D3D5BB600EF9434 /* XCGLogger.swift in Sources */,
				4F5ED9821D511D56006519A7 /* NoAnimationSegue.swift in Sources */,
				1EABF7571D90F91500D2BBD5 /* NetUtils.swift in Sources */,
				1E25C1471D36FAD400BEA1FB /* ASNotification.swift in Sources */,
				1E25C14C1D36FAD400BEA1FB /* Style.swift in Sources */,
				1E25C13D1D36F99300BEA1FB /* OurglasserViewController.swift in Sources */,
				1E25C14A1D36FAD400BEA1FB /* OPIEBeaconListener.swift in Sources */,
				4FE9456B1D53F80B00F35CD0 /* MapViewController.swift in Sources */,
				1EABF75F1D919C1500D2BBD5 /* EnterPasswordViewController.swift in Sources */,
				1E25C14E1D36FB9200BEA1FB /* Settings.swift in Sources */,
				1E25C13C1D36F99300BEA1FB /* ChooseOurglasserViewController.swift in Sources */,
				4FD30E171D4FFE4600C6DB60 /* AccountViewController.swift in Sources */,
				4F6C7F291D3E9E110055EF8A /* Asahi.swift in Sources */,
				1E25C1191D36F2A700BEA1FB /* AppDelegate.swift in Sources */,
				1EABF7591D919BCA00D2BBD5 /* LoginOrRegViewController.swift in Sources */,
				1EABF75D1D919C0400D2BBD5 /* EnterEmailViewController.swift in Sources */,
				1E25C1491D36FAD400BEA1FB /* OPIE.swift in Sources */,
				1EC631641D778D3D00F99E0E /* ABNetworking.swift in Sources */,
				1E167ACD1D92DD130080C4C6 /* RegSceneBaseViewController.swift in Sources */,
				1EABF7611D91A4B500D2BBD5 /* StringExtensions.swift in Sources */,
				1EABF75B1D919BF400D2BBD5 /* EnterNameViewController.swift in Sources */,
				1E69E6611D924CAF00B48212 /* LoginViewController.swift in Sources */,
				1E167ACB1D92DC540080C4C6 /* LoginBaseViewController.swift in Sources */,
				1E25C1481D36FAD400BEA1FB /* OCS.swift in Sources */,
			);
			runOnlyForDeploymentPostprocessing = 0;
		};
/* End PBXSourcesBuildPhase section */

/* Begin PBXVariantGroup section */
		1E25C1211D36F2A700BEA1FB /* LaunchScreen.storyboard */ = {
			isa = PBXVariantGroup;
			children = (
				1E25C1221D36F2A700BEA1FB /* Base */,
			);
			name = LaunchScreen.storyboard;
			path = "Absinthe-iOS";
			sourceTree = "<group>";
		};
		1E25C1331D36F92800BEA1FB /* Control.storyboard */ = {
			isa = PBXVariantGroup;
			children = (
				1E25C1341D36F92800BEA1FB /* Base */,
			);
			name = Control.storyboard;
			sourceTree = "<group>";
		};
/* End PBXVariantGroup section */

/* Begin XCBuildConfiguration section */
		1E25C1251D36F2A700BEA1FB /* Debug */ = {
			isa = XCBuildConfiguration;
			buildSettings = {
				ALWAYS_SEARCH_USER_PATHS = NO;
				CLANG_ANALYZER_NONNULL = YES;
				CLANG_CXX_LANGUAGE_STANDARD = "gnu++0x";
				CLANG_CXX_LIBRARY = "libc++";
				CLANG_ENABLE_MODULES = YES;
				CLANG_ENABLE_OBJC_ARC = YES;
				CLANG_WARN_BOOL_CONVERSION = YES;
				CLANG_WARN_CONSTANT_CONVERSION = YES;
				CLANG_WARN_DIRECT_OBJC_ISA_USAGE = YES_ERROR;
				CLANG_WARN_EMPTY_BODY = YES;
				CLANG_WARN_ENUM_CONVERSION = YES;
				CLANG_WARN_INT_CONVERSION = YES;
				CLANG_WARN_OBJC_ROOT_CLASS = YES_ERROR;
				CLANG_WARN_UNREACHABLE_CODE = YES;
				CLANG_WARN__DUPLICATE_METHOD_MATCH = YES;
				"CODE_SIGN_IDENTITY[sdk=iphoneos*]" = "iPhone Developer";
				COPY_PHASE_STRIP = NO;
				DEBUG_INFORMATION_FORMAT = dwarf;
				ENABLE_STRICT_OBJC_MSGSEND = YES;
				ENABLE_TESTABILITY = YES;
				GCC_C_LANGUAGE_STANDARD = gnu99;
				GCC_DYNAMIC_NO_PIC = NO;
				GCC_NO_COMMON_BLOCKS = YES;
				GCC_OPTIMIZATION_LEVEL = 0;
				GCC_PREPROCESSOR_DEFINITIONS = (
					"DEBUG=1",
					"$(inherited)",
				);
				GCC_WARN_64_TO_32_BIT_CONVERSION = YES;
				GCC_WARN_ABOUT_RETURN_TYPE = YES_ERROR;
				GCC_WARN_UNDECLARED_SELECTOR = YES;
				GCC_WARN_UNINITIALIZED_AUTOS = YES_AGGRESSIVE;
				GCC_WARN_UNUSED_FUNCTION = YES;
				GCC_WARN_UNUSED_VARIABLE = YES;
				IPHONEOS_DEPLOYMENT_TARGET = 9.3;
				MTL_ENABLE_DEBUG_INFO = YES;
				ONLY_ACTIVE_ARCH = YES;
				SDKROOT = iphoneos;
				SWIFT_OBJC_BRIDGING_HEADER = "Absinthe-iOS/Absinthe-iOS-Bridging-Header.h";
				SWIFT_OPTIMIZATION_LEVEL = "-Onone";
				TARGETED_DEVICE_FAMILY = "1,2";
			};
			name = Debug;
		};
		1E25C1261D36F2A700BEA1FB /* Release */ = {
			isa = XCBuildConfiguration;
			buildSettings = {
				ALWAYS_SEARCH_USER_PATHS = NO;
				CLANG_ANALYZER_NONNULL = YES;
				CLANG_CXX_LANGUAGE_STANDARD = "gnu++0x";
				CLANG_CXX_LIBRARY = "libc++";
				CLANG_ENABLE_MODULES = YES;
				CLANG_ENABLE_OBJC_ARC = YES;
				CLANG_WARN_BOOL_CONVERSION = YES;
				CLANG_WARN_CONSTANT_CONVERSION = YES;
				CLANG_WARN_DIRECT_OBJC_ISA_USAGE = YES_ERROR;
				CLANG_WARN_EMPTY_BODY = YES;
				CLANG_WARN_ENUM_CONVERSION = YES;
				CLANG_WARN_INT_CONVERSION = YES;
				CLANG_WARN_OBJC_ROOT_CLASS = YES_ERROR;
				CLANG_WARN_UNREACHABLE_CODE = YES;
				CLANG_WARN__DUPLICATE_METHOD_MATCH = YES;
				"CODE_SIGN_IDENTITY[sdk=iphoneos*]" = "iPhone Developer";
				COPY_PHASE_STRIP = NO;
				DEBUG_INFORMATION_FORMAT = "dwarf-with-dsym";
				ENABLE_NS_ASSERTIONS = NO;
				ENABLE_STRICT_OBJC_MSGSEND = YES;
				GCC_C_LANGUAGE_STANDARD = gnu99;
				GCC_NO_COMMON_BLOCKS = YES;
				GCC_WARN_64_TO_32_BIT_CONVERSION = YES;
				GCC_WARN_ABOUT_RETURN_TYPE = YES_ERROR;
				GCC_WARN_UNDECLARED_SELECTOR = YES;
				GCC_WARN_UNINITIALIZED_AUTOS = YES_AGGRESSIVE;
				GCC_WARN_UNUSED_FUNCTION = YES;
				GCC_WARN_UNUSED_VARIABLE = YES;
				IPHONEOS_DEPLOYMENT_TARGET = 9.3;
				MTL_ENABLE_DEBUG_INFO = NO;
				SDKROOT = iphoneos;
				SWIFT_OBJC_BRIDGING_HEADER = "Absinthe-iOS/Absinthe-iOS-Bridging-Header.h";
				TARGETED_DEVICE_FAMILY = "1,2";
				VALIDATE_PRODUCT = YES;
			};
			name = Release;
		};
		1E25C1281D36F2A700BEA1FB /* Debug */ = {
			isa = XCBuildConfiguration;
			baseConfigurationReference = ECE4B0C49B1F077FA769DDDF /* Pods-Absinthe-iOS.debug.xcconfig */;
			buildSettings = {
				ASSETCATALOG_COMPILER_APPICON_NAME = AppIcon;
				CLANG_ENABLE_MODULES = YES;
				CODE_SIGN_IDENTITY = "iPhone Developer";
				"CODE_SIGN_IDENTITY[sdk=iphoneos*]" = "iPhone Developer";
				INFOPLIST_FILE = "Absinthe-iOS/Info.plist";
				LD_RUNPATH_SEARCH_PATHS = "$(inherited) @executable_path/Frameworks";
				PRODUCT_BUNDLE_IDENTIFIER = io.overplay.absinthe;
				PRODUCT_NAME = "Absinthe-iOS";
				PROVISIONING_PROFILE = "";
				SWIFT_OBJC_BRIDGING_HEADER = "Absinthe-iOS/Absinthe-iOS-Bridging-Header.h";
				SWIFT_OPTIMIZATION_LEVEL = "-Onone";
			};
			name = Debug;
		};
		1E25C1291D36F2A700BEA1FB /* Release */ = {
			isa = XCBuildConfiguration;
			baseConfigurationReference = FD077D3DA07EF956B4EF7A42 /* Pods-Absinthe-iOS.release.xcconfig */;
			buildSettings = {
				ASSETCATALOG_COMPILER_APPICON_NAME = AppIcon;
				CLANG_ENABLE_MODULES = YES;
				CODE_SIGN_IDENTITY = "iPhone Developer";
				"CODE_SIGN_IDENTITY[sdk=iphoneos*]" = "iPhone Developer";
				INFOPLIST_FILE = "Absinthe-iOS/Info.plist";
				LD_RUNPATH_SEARCH_PATHS = "$(inherited) @executable_path/Frameworks";
				PRODUCT_BUNDLE_IDENTIFIER = io.overplay.absinthe;
				PRODUCT_NAME = "Absinthe-iOS";
				PROVISIONING_PROFILE = "";
				SWIFT_OBJC_BRIDGING_HEADER = "Absinthe-iOS/Absinthe-iOS-Bridging-Header.h";
			};
			name = Release;
		};
/* End XCBuildConfiguration section */

/* Begin XCConfigurationList section */
		1E25C1101D36F2A700BEA1FB /* Build configuration list for PBXProject "Absinthe-iOS" */ = {
			isa = XCConfigurationList;
			buildConfigurations = (
				1E25C1251D36F2A700BEA1FB /* Debug */,
				1E25C1261D36F2A700BEA1FB /* Release */,
			);
			defaultConfigurationIsVisible = 0;
			defaultConfigurationName = Release;
		};
		1E25C1271D36F2A700BEA1FB /* Build configuration list for PBXNativeTarget "Absinthe-iOS" */ = {
			isa = XCConfigurationList;
			buildConfigurations = (
				1E25C1281D36F2A700BEA1FB /* Debug */,
				1E25C1291D36F2A700BEA1FB /* Release */,
			);
			defaultConfigurationIsVisible = 0;
			defaultConfigurationName = Release;
		};
/* End XCConfigurationList section */
	};
	rootObject = 1E25C10D1D36F2A700BEA1FB /* Project object */;
}
