PODS:
  - Alamofire (3.5.1)
  - CocoaAsyncSocket (7.5.0):
    - CocoaAsyncSocket/GCD (= 7.5.0)
  - CocoaAsyncSocket/GCD (7.5.0)
  - OMGHTTPURLRQ (3.2.0):
    - OMGHTTPURLRQ/RQ (= 3.2.0)
  - OMGHTTPURLRQ/FormURLEncode (3.2.0)
  - OMGHTTPURLRQ/RQ (3.2.0):
    - OMGHTTPURLRQ/FormURLEncode
    - OMGHTTPURLRQ/UserAgent
  - OMGHTTPURLRQ/UserAgent (3.2.0)
  - PKHUD (3.2.1)
  - PromiseKit (3.5.1):
    - PromiseKit/Foundation (= 3.5.1)
    - PromiseKit/QuartzCore (= 3.5.1)
    - PromiseKit/UIKit (= 3.5.1)
  - PromiseKit/CorePromise (3.5.1)
  - PromiseKit/Foundation (3.5.1):
    - OMGHTTPURLRQ (~> 3.2.0)
    - PromiseKit/CorePromise
  - PromiseKit/QuartzCore (3.5.1):
    - PromiseKit/CorePromise
  - PromiseKit/UIKit (3.5.1):
    - PromiseKit/CorePromise
  - SwiftyJSON (2.3.3)
  - XCGLogger (3.2)

DEPENDENCIES:
  - Alamofire (< 4.0)
  - CocoaAsyncSocket (~> 7.5.0)
  - PKHUD (~> 3.2.1)
  - PromiseKit (< 4.0)
  - SwiftyJSON (~> 2.3.2)
  - XCGLogger (~> 3.2.0)

SPEC CHECKSUMS:
  Alamofire: 0dfba1184a543e2aa160f4e39cac4e8aba48d223
  CocoaAsyncSocket: 3baeb1ddd969f81cf9fca81053ae49ef2d1cbbfa
  OMGHTTPURLRQ: 1e54807cb7d5dbb506926e53498e1e9ac5720c79
  PKHUD: 001c11518f125a273ddf026bcc64918423744ea2
  PromiseKit: 99ea973444a4bff6c38ffb97fa1bb175e619bcf0
  SwiftyJSON: 0fd0a115a3c0c09b277d2ab801df154902b942c3
  XCGLogger: da1f341f4bb8979db6e1df64232f04d9698402d4

PODFILE CHECKSUM: 6bba1ca8ffc395ddb32d8a5a07ed33afc31a9e39

COCOAPODS: 1.1.0.rc.2
